// !$*UTF8*$!
{
	archiveVersion = 1;
	classes = {
	};
	objectVersion = 50;
	objects = {

/* Begin PBXBuildFile section */
		058557BB273AAA24004C7B11 /* Assets.xcassets in Resources */ = {isa = PBXBuildFile; fileRef = 058557BA273AAA24004C7B11 /* Assets.xcassets */; };
		058557D9273AAEEB004C7B11 /* Preview Assets.xcassets in Resources */ = {isa = PBXBuildFile; fileRef = 058557D8273AAEEB004C7B11 /* Preview Assets.xcassets */; };
		2152FB042600AC8F00CF470E /* iOSApp.swift in Sources */ = {isa = PBXBuildFile; fileRef = 2152FB032600AC8F00CF470E /* iOSApp.swift */; };
		7555FF83242A565900829871 /* ContentView.swift in Sources */ = {isa = PBXBuildFile; fileRef = 7555FF82242A565900829871 /* ContentView.swift */; };
		8BC792C389F3B3D07D186FE2 /* Pods_ios.framework in Frameworks */ = {isa = PBXBuildFile; fileRef = 76CD91F0223E49C6A96D9D6F /* Pods_ios.framework */; };
		FA0702AF28B4B6E10038FE98 /* UIColor.swift in Sources */ = {isa = PBXBuildFile; fileRef = FA0702AE28B4B6E10038FE98 /* UIColor.swift */; };
		FA0702B228B4C89A0038FE98 /* AppointViewMini.swift in Sources */ = {isa = PBXBuildFile; fileRef = FA0702B128B4C89A0038FE98 /* AppointViewMini.swift */; };
		FA0702B428B4EE510038FE98 /* AppointmentV2.swift in Sources */ = {isa = PBXBuildFile; fileRef = FA0702B328B4EE510038FE98 /* AppointmentV2.swift */; };
		FA0702B628B5296A0038FE98 /* ChatContact.swift in Sources */ = {isa = PBXBuildFile; fileRef = FA0702B528B5296A0038FE98 /* ChatContact.swift */; };
		FA0702B828B544B90038FE98 /* CareContact.swift in Sources */ = {isa = PBXBuildFile; fileRef = FA0702B728B544B90038FE98 /* CareContact.swift */; };
		FA0702BA28B551E90038FE98 /* Carers.swift in Sources */ = {isa = PBXBuildFile; fileRef = FA0702B928B551E90038FE98 /* Carers.swift */; };
		FA2361F128B23913001E9E86 /* main.storyboard in Resources */ = {isa = PBXBuildFile; fileRef = FA2361F028B23913001E9E86 /* main.storyboard */; };
		FA2361F528B24B35001E9E86 /* appointments.xib in Resources */ = {isa = PBXBuildFile; fileRef = FA2361F428B24B35001E9E86 /* appointments.xib */; };
		FA2361F728B25474001E9E86 /* appointmenti.xib in Resources */ = {isa = PBXBuildFile; fileRef = FA2361F628B25474001E9E86 /* appointmenti.xib */; };
		FA2361F928B2CCDC001E9E86 /* carers.xib in Resources */ = {isa = PBXBuildFile; fileRef = FA2361F828B2CCDC001E9E86 /* carers.xib */; };
		FA2361FB28B2DA80001E9E86 /* chat_contact.xib in Resources */ = {isa = PBXBuildFile; fileRef = FA2361FA28B2DA80001E9E86 /* chat_contact.xib */; };
		FA2361FD28B38E3B001E9E86 /* care_contact.xib in Resources */ = {isa = PBXBuildFile; fileRef = FA2361FC28B38E3B001E9E86 /* care_contact.xib */; };
		FA23620228B42A4D001E9E86 /* MainViewController.swift in Sources */ = {isa = PBXBuildFile; fileRef = FA23620128B42A4D001E9E86 /* MainViewController.swift */; };
		FA23620528B42EB7001E9E86 /* UIView.swift in Sources */ = {isa = PBXBuildFile; fileRef = FA23620428B42EB7001E9E86 /* UIView.swift */; };
		FA23620728B43876001E9E86 /* LoginViewController.swift in Sources */ = {isa = PBXBuildFile; fileRef = FA23620628B43876001E9E86 /* LoginViewController.swift */; };
		FA8C413428B6508E003CE9AF /* SideMenuViewController.swift in Sources */ = {isa = PBXBuildFile; fileRef = FA8C413328B6508E003CE9AF /* SideMenuViewController.swift */; };
		FA8C413628B650A9003CE9AF /* HomeViewController.swift in Sources */ = {isa = PBXBuildFile; fileRef = FA8C413528B650A9003CE9AF /* HomeViewController.swift */; };
		FA8C413828B65ADC003CE9AF /* NavBar.xib in Resources */ = {isa = PBXBuildFile; fileRef = FA8C413728B65ADC003CE9AF /* NavBar.xib */; };
		FA8C413A28B65BFC003CE9AF /* NavBar.swift in Sources */ = {isa = PBXBuildFile; fileRef = FA8C413928B65BFC003CE9AF /* NavBar.swift */; };
/* End PBXBuildFile section */

/* Begin PBXFileReference section */
		0551601404AB119CCAECD6B9 /* Pods-ios.release.xcconfig */ = {isa = PBXFileReference; includeInIndex = 1; lastKnownFileType = text.xcconfig; name = "Pods-ios.release.xcconfig"; path = "Target Support Files/Pods-ios/Pods-ios.release.xcconfig"; sourceTree = "<group>"; };
		058557BA273AAA24004C7B11 /* Assets.xcassets */ = {isa = PBXFileReference; lastKnownFileType = folder.assetcatalog; path = Assets.xcassets; sourceTree = "<group>"; };
		058557D8273AAEEB004C7B11 /* Preview Assets.xcassets */ = {isa = PBXFileReference; lastKnownFileType = folder.assetcatalog; path = "Preview Assets.xcassets"; sourceTree = "<group>"; };
		2152FB032600AC8F00CF470E /* iOSApp.swift */ = {isa = PBXFileReference; lastKnownFileType = sourcecode.swift; path = iOSApp.swift; sourceTree = "<group>"; };
		7555FF7B242A565900829871 /* ios.app */ = {isa = PBXFileReference; explicitFileType = wrapper.application; includeInIndex = 0; path = ios.app; sourceTree = BUILT_PRODUCTS_DIR; };
		7555FF82242A565900829871 /* ContentView.swift */ = {isa = PBXFileReference; lastKnownFileType = sourcecode.swift; path = ContentView.swift; sourceTree = "<group>"; };
		7555FF8C242A565B00829871 /* Info.plist */ = {isa = PBXFileReference; lastKnownFileType = text.plist.xml; path = Info.plist; sourceTree = "<group>"; };
		76CD91F0223E49C6A96D9D6F /* Pods_ios.framework */ = {isa = PBXFileReference; explicitFileType = wrapper.framework; includeInIndex = 0; path = Pods_ios.framework; sourceTree = BUILT_PRODUCTS_DIR; };
		8A98767925CD3423C5EE44A3 /* Pods-ios.debug.xcconfig */ = {isa = PBXFileReference; includeInIndex = 1; lastKnownFileType = text.xcconfig; name = "Pods-ios.debug.xcconfig"; path = "Target Support Files/Pods-ios/Pods-ios.debug.xcconfig"; sourceTree = "<group>"; };
		FA0702AE28B4B6E10038FE98 /* UIColor.swift */ = {isa = PBXFileReference; lastKnownFileType = sourcecode.swift; path = UIColor.swift; sourceTree = "<group>"; };
		FA0702B128B4C89A0038FE98 /* AppointViewMini.swift */ = {isa = PBXFileReference; lastKnownFileType = sourcecode.swift; path = AppointViewMini.swift; sourceTree = "<group>"; };
		FA0702B328B4EE510038FE98 /* AppointmentV2.swift */ = {isa = PBXFileReference; lastKnownFileType = sourcecode.swift; path = AppointmentV2.swift; sourceTree = "<group>"; };
		FA0702B528B5296A0038FE98 /* ChatContact.swift */ = {isa = PBXFileReference; lastKnownFileType = sourcecode.swift; path = ChatContact.swift; sourceTree = "<group>"; };
		FA0702B728B544B90038FE98 /* CareContact.swift */ = {isa = PBXFileReference; lastKnownFileType = sourcecode.swift; path = CareContact.swift; sourceTree = "<group>"; };
		FA0702B928B551E90038FE98 /* Carers.swift */ = {isa = PBXFileReference; lastKnownFileType = sourcecode.swift; path = Carers.swift; sourceTree = "<group>"; };
		FA2361F028B23913001E9E86 /* main.storyboard */ = {isa = PBXFileReference; lastKnownFileType = file.storyboard; path = main.storyboard; sourceTree = "<group>"; };
		FA2361F428B24B35001E9E86 /* appointments.xib */ = {isa = PBXFileReference; lastKnownFileType = file.xib; path = appointments.xib; sourceTree = "<group>"; };
		FA2361F628B25474001E9E86 /* appointmenti.xib */ = {isa = PBXFileReference; lastKnownFileType = file.xib; path = appointmenti.xib; sourceTree = "<group>"; };
		FA2361F828B2CCDC001E9E86 /* carers.xib */ = {isa = PBXFileReference; lastKnownFileType = file.xib; path = carers.xib; sourceTree = "<group>"; };
		FA2361FA28B2DA80001E9E86 /* chat_contact.xib */ = {isa = PBXFileReference; lastKnownFileType = file.xib; path = chat_contact.xib; sourceTree = "<group>"; };
		FA2361FC28B38E3B001E9E86 /* care_contact.xib */ = {isa = PBXFileReference; lastKnownFileType = file.xib; path = care_contact.xib; sourceTree = "<group>"; };
		FA23620128B42A4D001E9E86 /* MainViewController.swift */ = {isa = PBXFileReference; lastKnownFileType = sourcecode.swift; path = MainViewController.swift; sourceTree = "<group>"; };
		FA23620428B42EB7001E9E86 /* UIView.swift */ = {isa = PBXFileReference; lastKnownFileType = sourcecode.swift; path = UIView.swift; sourceTree = "<group>"; };
		FA23620628B43876001E9E86 /* LoginViewController.swift */ = {isa = PBXFileReference; lastKnownFileType = sourcecode.swift; path = LoginViewController.swift; sourceTree = "<group>"; };
		FA8C413328B6508E003CE9AF /* SideMenuViewController.swift */ = {isa = PBXFileReference; lastKnownFileType = sourcecode.swift; path = SideMenuViewController.swift; sourceTree = "<group>"; };
		FA8C413528B650A9003CE9AF /* HomeViewController.swift */ = {isa = PBXFileReference; lastKnownFileType = sourcecode.swift; path = HomeViewController.swift; sourceTree = "<group>"; };
		FA8C413728B65ADC003CE9AF /* NavBar.xib */ = {isa = PBXFileReference; lastKnownFileType = file.xib; path = NavBar.xib; sourceTree = "<group>"; };
		FA8C413928B65BFC003CE9AF /* NavBar.swift */ = {isa = PBXFileReference; lastKnownFileType = sourcecode.swift; path = NavBar.swift; sourceTree = "<group>"; };
/* End PBXFileReference section */

/* Begin PBXFrameworksBuildPhase section */
		961A78DB840C2AEEFCEE4943 /* Frameworks */ = {
			isa = PBXFrameworksBuildPhase;
			buildActionMask = 2147483647;
			files = (
				8BC792C389F3B3D07D186FE2 /* Pods_ios.framework in Frameworks */,
			);
			runOnlyForDeploymentPostprocessing = 0;
		};
/* End PBXFrameworksBuildPhase section */

/* Begin PBXGroup section */
		058557D7273AAEEB004C7B11 /* Preview Content */ = {
			isa = PBXGroup;
			children = (
				058557D8273AAEEB004C7B11 /* Preview Assets.xcassets */,
			);
			path = "Preview Content";
			sourceTree = "<group>";
		};
		0F44E2CAECD2240FC3866DC7 /* Frameworks */ = {
			isa = PBXGroup;
			children = (
				76CD91F0223E49C6A96D9D6F /* Pods_ios.framework */,
			);
			name = Frameworks;
			sourceTree = "<group>";
		};
		3A283C73A191566146E47925 /* Pods */ = {
			isa = PBXGroup;
			children = (
				8A98767925CD3423C5EE44A3 /* Pods-ios.debug.xcconfig */,
				0551601404AB119CCAECD6B9 /* Pods-ios.release.xcconfig */,
			);
			path = Pods;
			sourceTree = "<group>";
		};
		7555FF72242A565900829871 = {
			isa = PBXGroup;
			children = (
				7555FF7D242A565900829871 /* ios */,
				7555FF7C242A565900829871 /* Products */,
				3A283C73A191566146E47925 /* Pods */,
				0F44E2CAECD2240FC3866DC7 /* Frameworks */,
			);
			sourceTree = "<group>";
		};
		7555FF7C242A565900829871 /* Products */ = {
			isa = PBXGroup;
			children = (
				7555FF7B242A565900829871 /* ios.app */,
			);
			name = Products;
			sourceTree = "<group>";
		};
		7555FF7D242A565900829871 /* ios */ = {
			isa = PBXGroup;
			children = (
				FA2361FE28B429EA001E9E86 /* UI */,
				058557BA273AAA24004C7B11 /* Assets.xcassets */,
				7555FF82242A565900829871 /* ContentView.swift */,
				7555FF8C242A565B00829871 /* Info.plist */,
				2152FB032600AC8F00CF470E /* iOSApp.swift */,
				058557D7273AAEEB004C7B11 /* Preview Content */,
				FA2361F028B23913001E9E86 /* main.storyboard */,
				FA2361F428B24B35001E9E86 /* appointments.xib */,
				FA2361F628B25474001E9E86 /* appointmenti.xib */,
				FA2361F828B2CCDC001E9E86 /* carers.xib */,
				FA2361FA28B2DA80001E9E86 /* chat_contact.xib */,
				FA2361FC28B38E3B001E9E86 /* care_contact.xib */,
				FA8C413728B65ADC003CE9AF /* NavBar.xib */,
			);
			path = ios;
			sourceTree = "<group>";
		};
		FA0702B028B4C7880038FE98 /* Views */ = {
			isa = PBXGroup;
			children = (
				FA0702B128B4C89A0038FE98 /* AppointViewMini.swift */,
				FA0702B328B4EE510038FE98 /* AppointmentV2.swift */,
				FA0702B528B5296A0038FE98 /* ChatContact.swift */,
				FA0702B728B544B90038FE98 /* CareContact.swift */,
				FA0702B928B551E90038FE98 /* Carers.swift */,
				FA8C413928B65BFC003CE9AF /* NavBar.swift */,
			);
			path = Views;
			sourceTree = "<group>";
		};
		FA2361FE28B429EA001E9E86 /* UI */ = {
			isa = PBXGroup;
			children = (
				FA0702B028B4C7880038FE98 /* Views */,
				FA23620328B42D6F001E9E86 /* extensions */,
				FA23620128B42A4D001E9E86 /* MainViewController.swift */,
				FA23620628B43876001E9E86 /* LoginViewController.swift */,
				FA8C413328B6508E003CE9AF /* SideMenuViewController.swift */,
				FA8C413528B650A9003CE9AF /* HomeViewController.swift */,
			);
			path = UI;
			sourceTree = "<group>";
		};
		FA23620328B42D6F001E9E86 /* extensions */ = {
			isa = PBXGroup;
			children = (
				FA23620428B42EB7001E9E86 /* UIView.swift */,
				FA0702AE28B4B6E10038FE98 /* UIColor.swift */,
			);
			path = extensions;
			sourceTree = "<group>";
		};
/* End PBXGroup section */

/* Begin PBXNativeTarget section */
		7555FF7A242A565900829871 /* ios */ = {
			isa = PBXNativeTarget;
			buildConfigurationList = 7555FFA5242A565B00829871 /* Build configuration list for PBXNativeTarget "ios" */;
			buildPhases = (
				966542B622C23A929987D83D /* [CP] Check Pods Manifest.lock */,
				7555FF77242A565900829871 /* Sources */,
				7555FF79242A565900829871 /* Resources */,
				961A78DB840C2AEEFCEE4943 /* Frameworks */,
			);
			buildRules = (
			);
			dependencies = (
			);
			name = ios;
			productName = ios;
			productReference = 7555FF7B242A565900829871 /* ios.app */;
			productType = "com.apple.product-type.application";
		};
/* End PBXNativeTarget section */

/* Begin PBXProject section */
		7555FF73242A565900829871 /* Project object */ = {
			isa = PBXProject;
			attributes = {
				LastSwiftUpdateCheck = 1130;
				LastUpgradeCheck = 1130;
				ORGANIZATIONNAME = orgName;
				TargetAttributes = {
					7555FF7A242A565900829871 = {
						CreatedOnToolsVersion = 11.3.1;
					};
				};
			};
			buildConfigurationList = 7555FF76242A565900829871 /* Build configuration list for PBXProject "ios" */;
			compatibilityVersion = "Xcode 9.3";
			developmentRegion = en;
			hasScannedForEncodings = 0;
			knownRegions = (
				en,
				Base,
			);
			mainGroup = 7555FF72242A565900829871;
			productRefGroup = 7555FF7C242A565900829871 /* Products */;
			projectDirPath = "";
			projectRoot = "";
			targets = (
				7555FF7A242A565900829871 /* ios */,
			);
		};
/* End PBXProject section */

/* Begin PBXResourcesBuildPhase section */
		7555FF79242A565900829871 /* Resources */ = {
			isa = PBXResourcesBuildPhase;
			buildActionMask = 2147483647;
			files = (
				FA2361FB28B2DA80001E9E86 /* chat_contact.xib in Resources */,
				058557D9273AAEEB004C7B11 /* Preview Assets.xcassets in Resources */,
				FA2361F928B2CCDC001E9E86 /* carers.xib in Resources */,
				FA8C413828B65ADC003CE9AF /* NavBar.xib in Resources */,
				FA2361F728B25474001E9E86 /* appointmenti.xib in Resources */,
				058557BB273AAA24004C7B11 /* Assets.xcassets in Resources */,
				FA2361F128B23913001E9E86 /* main.storyboard in Resources */,
				FA2361F528B24B35001E9E86 /* appointments.xib in Resources */,
				FA2361FD28B38E3B001E9E86 /* care_contact.xib in Resources */,
			);
			runOnlyForDeploymentPostprocessing = 0;
		};
/* End PBXResourcesBuildPhase section */

/* Begin PBXShellScriptBuildPhase section */
		966542B622C23A929987D83D /* [CP] Check Pods Manifest.lock */ = {
			isa = PBXShellScriptBuildPhase;
			buildActionMask = 2147483647;
			files = (
			);
			inputFileListPaths = (
			);
			inputPaths = (
				"${PODS_PODFILE_DIR_PATH}/Podfile.lock",
				"${PODS_ROOT}/Manifest.lock",
			);
			name = "[CP] Check Pods Manifest.lock";
			outputFileListPaths = (
			);
			outputPaths = (
				"$(DERIVED_FILE_DIR)/Pods-ios-checkManifestLockResult.txt",
			);
			runOnlyForDeploymentPostprocessing = 0;
			shellPath = /bin/sh;
			shellScript = "diff \"${PODS_PODFILE_DIR_PATH}/Podfile.lock\" \"${PODS_ROOT}/Manifest.lock\" > /dev/null\nif [ $? != 0 ] ; then\n    # print error to STDERR\n    echo \"error: The sandbox is not in sync with the Podfile.lock. Run 'pod install' or update your CocoaPods installation.\" >&2\n    exit 1\nfi\n# This output is used by Xcode 'outputs' to avoid re-running this script phase.\necho \"SUCCESS\" > \"${SCRIPT_OUTPUT_FILE_0}\"\n";
			showEnvVarsInLog = 0;
		};
/* End PBXShellScriptBuildPhase section */

/* Begin PBXSourcesBuildPhase section */
		7555FF77242A565900829871 /* Sources */ = {
			isa = PBXSourcesBuildPhase;
			buildActionMask = 2147483647;
			files = (
				FA0702B228B4C89A0038FE98 /* AppointViewMini.swift in Sources */,
				FA23620528B42EB7001E9E86 /* UIView.swift in Sources */,
				FA0702AF28B4B6E10038FE98 /* UIColor.swift in Sources */,
				FA0702BA28B551E90038FE98 /* Carers.swift in Sources */,
				FA8C413428B6508E003CE9AF /* SideMenuViewController.swift in Sources */,
				FA23620228B42A4D001E9E86 /* MainViewController.swift in Sources */,
				2152FB042600AC8F00CF470E /* iOSApp.swift in Sources */,
				FA0702B428B4EE510038FE98 /* AppointmentV2.swift in Sources */,
				FA0702B628B5296A0038FE98 /* ChatContact.swift in Sources */,
				FA0702B828B544B90038FE98 /* CareContact.swift in Sources */,
				FA23620728B43876001E9E86 /* LoginViewController.swift in Sources */,
				FA8C413A28B65BFC003CE9AF /* NavBar.swift in Sources */,
				FA8C413628B650A9003CE9AF /* HomeViewController.swift in Sources */,
				7555FF83242A565900829871 /* ContentView.swift in Sources */,
			);
			runOnlyForDeploymentPostprocessing = 0;
		};
/* End PBXSourcesBuildPhase section */

/* Begin XCBuildConfiguration section */
		7555FFA3242A565B00829871 /* Debug */ = {
			isa = XCBuildConfiguration;
			buildSettings = {
				ALWAYS_SEARCH_USER_PATHS = NO;
				CLANG_ANALYZER_NONNULL = YES;
				CLANG_ANALYZER_NUMBER_OBJECT_CONVERSION = YES_AGGRESSIVE;
				CLANG_CXX_LANGUAGE_STANDARD = "gnu++14";
				CLANG_CXX_LIBRARY = "libc++";
				CLANG_ENABLE_MODULES = YES;
				CLANG_ENABLE_OBJC_ARC = YES;
				CLANG_ENABLE_OBJC_WEAK = YES;
				CLANG_WARN_BLOCK_CAPTURE_AUTORELEASING = YES;
				CLANG_WARN_BOOL_CONVERSION = YES;
				CLANG_WARN_COMMA = YES;
				CLANG_WARN_CONSTANT_CONVERSION = YES;
				CLANG_WARN_DEPRECATED_OBJC_IMPLEMENTATIONS = YES;
				CLANG_WARN_DIRECT_OBJC_ISA_USAGE = YES_ERROR;
				CLANG_WARN_DOCUMENTATION_COMMENTS = YES;
				CLANG_WARN_EMPTY_BODY = YES;
				CLANG_WARN_ENUM_CONVERSION = YES;
				CLANG_WARN_INFINITE_RECURSION = YES;
				CLANG_WARN_INT_CONVERSION = YES;
				CLANG_WARN_NON_LITERAL_NULL_CONVERSION = YES;
				CLANG_WARN_OBJC_IMPLICIT_RETAIN_SELF = YES;
				CLANG_WARN_OBJC_LITERAL_CONVERSION = YES;
				CLANG_WARN_OBJC_ROOT_CLASS = YES_ERROR;
				CLANG_WARN_QUOTED_INCLUDE_IN_FRAMEWORK_HEADER = YES;
				CLANG_WARN_RANGE_LOOP_ANALYSIS = YES;
				CLANG_WARN_STRICT_PROTOTYPES = YES;
				CLANG_WARN_SUSPICIOUS_MOVE = YES;
				CLANG_WARN_UNGUARDED_AVAILABILITY = YES_AGGRESSIVE;
				CLANG_WARN_UNREACHABLE_CODE = YES;
				CLANG_WARN__DUPLICATE_METHOD_MATCH = YES;
				COPY_PHASE_STRIP = NO;
				DEBUG_INFORMATION_FORMAT = "dwarf-with-dsym";
				ENABLE_STRICT_OBJC_MSGSEND = YES;
				ENABLE_TESTABILITY = YES;
				GCC_C_LANGUAGE_STANDARD = gnu11;
				GCC_DYNAMIC_NO_PIC = NO;
				GCC_NO_COMMON_BLOCKS = YES;
				GCC_OPTIMIZATION_LEVEL = 0;
				GCC_PREPROCESSOR_DEFINITIONS = (
					"DEBUG=1",
					"$(inherited)",
				);
				GCC_WARN_64_TO_32_BIT_CONVERSION = YES;
				GCC_WARN_ABOUT_RETURN_TYPE = YES_ERROR;
				GCC_WARN_UNDECLARED_SELECTOR = YES;
				GCC_WARN_UNINITIALIZED_AUTOS = YES_AGGRESSIVE;
				GCC_WARN_UNUSED_FUNCTION = YES;
				GCC_WARN_UNUSED_VARIABLE = YES;
				IPHONEOS_DEPLOYMENT_TARGET = 14.1;
				MTL_ENABLE_DEBUG_INFO = INCLUDE_SOURCE;
				MTL_FAST_MATH = YES;
				ONLY_ACTIVE_ARCH = YES;
				SDKROOT = iphoneos;
				SWIFT_ACTIVE_COMPILATION_CONDITIONS = DEBUG;
				SWIFT_OPTIMIZATION_LEVEL = "-Onone";
			};
			name = Debug;
		};
		7555FFA4242A565B00829871 /* Release */ = {
			isa = XCBuildConfiguration;
			buildSettings = {
				ALWAYS_SEARCH_USER_PATHS = NO;
				CLANG_ANALYZER_NONNULL = YES;
				CLANG_ANALYZER_NUMBER_OBJECT_CONVERSION = YES_AGGRESSIVE;
				CLANG_CXX_LANGUAGE_STANDARD = "gnu++14";
				CLANG_CXX_LIBRARY = "libc++";
				CLANG_ENABLE_MODULES = YES;
				CLANG_ENABLE_OBJC_ARC = YES;
				CLANG_ENABLE_OBJC_WEAK = YES;
				CLANG_WARN_BLOCK_CAPTURE_AUTORELEASING = YES;
				CLANG_WARN_BOOL_CONVERSION = YES;
				CLANG_WARN_COMMA = YES;
				CLANG_WARN_CONSTANT_CONVERSION = YES;
				CLANG_WARN_DEPRECATED_OBJC_IMPLEMENTATIONS = YES;
				CLANG_WARN_DIRECT_OBJC_ISA_USAGE = YES_ERROR;
				CLANG_WARN_DOCUMENTATION_COMMENTS = YES;
				CLANG_WARN_EMPTY_BODY = YES;
				CLANG_WARN_ENUM_CONVERSION = YES;
				CLANG_WARN_INFINITE_RECURSION = YES;
				CLANG_WARN_INT_CONVERSION = YES;
				CLANG_WARN_NON_LITERAL_NULL_CONVERSION = YES;
				CLANG_WARN_OBJC_IMPLICIT_RETAIN_SELF = YES;
				CLANG_WARN_OBJC_LITERAL_CONVERSION = YES;
				CLANG_WARN_OBJC_ROOT_CLASS = YES_ERROR;
				CLANG_WARN_QUOTED_INCLUDE_IN_FRAMEWORK_HEADER = YES;
				CLANG_WARN_RANGE_LOOP_ANALYSIS = YES;
				CLANG_WARN_STRICT_PROTOTYPES = YES;
				CLANG_WARN_SUSPICIOUS_MOVE = YES;
				CLANG_WARN_UNGUARDED_AVAILABILITY = YES_AGGRESSIVE;
				CLANG_WARN_UNREACHABLE_CODE = YES;
				CLANG_WARN__DUPLICATE_METHOD_MATCH = YES;
				COPY_PHASE_STRIP = NO;
				DEBUG_INFORMATION_FORMAT = "dwarf-with-dsym";
				ENABLE_NS_ASSERTIONS = NO;
				ENABLE_STRICT_OBJC_MSGSEND = YES;
				GCC_C_LANGUAGE_STANDARD = gnu11;
				GCC_NO_COMMON_BLOCKS = YES;
				GCC_WARN_64_TO_32_BIT_CONVERSION = YES;
				GCC_WARN_ABOUT_RETURN_TYPE = YES_ERROR;
				GCC_WARN_UNDECLARED_SELECTOR = YES;
				GCC_WARN_UNINITIALIZED_AUTOS = YES_AGGRESSIVE;
				GCC_WARN_UNUSED_FUNCTION = YES;
				GCC_WARN_UNUSED_VARIABLE = YES;
				IPHONEOS_DEPLOYMENT_TARGET = 14.1;
				MTL_ENABLE_DEBUG_INFO = NO;
				MTL_FAST_MATH = YES;
				SDKROOT = iphoneos;
				SWIFT_COMPILATION_MODE = wholemodule;
				SWIFT_OPTIMIZATION_LEVEL = "-O";
				VALIDATE_PRODUCT = YES;
			};
			name = Release;
		};
		7555FFA6242A565B00829871 /* Debug */ = {
			isa = XCBuildConfiguration;
			baseConfigurationReference = 8A98767925CD3423C5EE44A3 /* Pods-ios.debug.xcconfig */;
			buildSettings = {
				ASSETCATALOG_COMPILER_APPICON_NAME = AppIcon;
				CODE_SIGN_STYLE = Automatic;
				DEVELOPMENT_ASSET_PATHS = "\"ios/Preview Content\"";
				DEVELOPMENT_TEAM = R4LCZSSM99;
				ENABLE_PREVIEWS = YES;
				INFOPLIST_FILE = ios/Info.plist;
				LD_RUNPATH_SEARCH_PATHS = (
					"$(inherited)",
					"@executable_path/Frameworks",
				);
				PRODUCT_BUNDLE_IDENTIFIER = sylvademoapp.ios;
				PRODUCT_NAME = "$(TARGET_NAME)";
				SWIFT_VERSION = 5.0;
				TARGETED_DEVICE_FAMILY = "1,2";
			};
			name = Debug;
		};
		7555FFA7242A565B00829871 /* Release */ = {
			isa = XCBuildConfiguration;
			baseConfigurationReference = 0551601404AB119CCAECD6B9 /* Pods-ios.release.xcconfig */;
			buildSettings = {
				ASSETCATALOG_COMPILER_APPICON_NAME = AppIcon;
				CODE_SIGN_STYLE = Automatic;
				DEVELOPMENT_ASSET_PATHS = "\"ios/Preview Content\"";
				DEVELOPMENT_TEAM = R4LCZSSM99;
				ENABLE_PREVIEWS = YES;
				INFOPLIST_FILE = ios/Info.plist;
				LD_RUNPATH_SEARCH_PATHS = (
					"$(inherited)",
					"@executable_path/Frameworks",
				);
				PRODUCT_BUNDLE_IDENTIFIER = sylvademoapp.ios;
				PRODUCT_NAME = "$(TARGET_NAME)";
				SWIFT_VERSION = 5.0;
				TARGETED_DEVICE_FAMILY = "1,2";
			};
			name = Release;
		};
/* End XCBuildConfiguration section */

/* Begin XCConfigurationList section */
		7555FF76242A565900829871 /* Build configuration list for PBXProject "ios" */ = {
			isa = XCConfigurationList;
			buildConfigurations = (
				7555FFA3242A565B00829871 /* Debug */,
				7555FFA4242A565B00829871 /* Release */,
			);
			defaultConfigurationIsVisible = 0;
			defaultConfigurationName = Release;
		};
		7555FFA5242A565B00829871 /* Build configuration list for PBXNativeTarget "ios" */ = {
			isa = XCConfigurationList;
			buildConfigurations = (
				7555FFA6242A565B00829871 /* Debug */,
				7555FFA7242A565B00829871 /* Release */,
			);
			defaultConfigurationIsVisible = 0;
			defaultConfigurationName = Release;
		};
/* End XCConfigurationList section */
	};
	rootObject = 7555FF73242A565900829871 /* Project object */;
}
