PODS:
  - shared (1.0)
  - SideMenu (6.5.0)

DEPENDENCIES:
  - shared (from `../shared`)
  - SideMenu (~> 6.5)

SPEC REPOS:
  trunk:
    - SideMenu

EXTERNAL SOURCES:
  shared:
    :path: "../shared"

SPEC CHECKSUMS:
  shared: 07cac7993e4f05eda6b76f3a213b070947c3b79f
  SideMenu: f583187d21c5b1dd04c72002be544b555a2627a2

PODFILE CHECKSUM: 4283e1361688af55d4e68aab8ca2a900cafcafdf

COCOAPODS: 1.11.2
